<?xml version="1.0" encoding="UTF-8"?>
<CONFIG>
  <ProjectOptions>
    <Version Value="12"/>
    <PathDelim Value="\"/>
    <General>
      <Flags>
        <AlwaysBuild Value="True"/>
      </Flags>
      <SessionStorage Value="InProjectDir"/>
      <Title Value="Trndi"/>
      <Scaled Value="True"/>
      <ResourceType Value="res"/>
      <UseXPManifest Value="True"/>
      <XPManifest>
        <DpiAware Value="True"/>
        <TextName Value="slicke.trndi.app"/>
        <TextDesc Value="Trndi CGM Viewer"/>
      </XPManifest>
      <Icon Value="0"/>
    </General>
    <i18n>
      <EnableI18N Value="True"/>
      <OutDir Value="lang"/>
      <ExcludedIdentifiers Count="26">
        <Item1 Value="tfconf.lcopyright.caption"/>
        <Item2 Value="tfconf.lversion.caption"/>
        <Item3 Value="tffloat.lRangeDown"/>
        <Item4 Value="tffloat.lRangeUp"/>
        <Item5 Value="tffloat.lDot1"/>
        <Item6 Value="tffloat.lDot2"/>
        <Item7 Value="tffloat.lDot3"/>
        <Item8 Value="tfBG.lDot1"/>
        <Item9 Value="tfBG.lDot2"/>
        <Item10 Value="tfBG.lDot3"/>
        <Item11 Value="tfBG.lDot4"/>
        <Item12 Value="tfBG.lDot5"/>
        <Item13 Value="tfBG.lDot6"/>
        <Item14 Value="tfBG.lDot7"/>
        <Item15 Value="tfBG.lDot8"/>
        <Item16 Value="tfBG.lDot9"/>
        <Item17 Value="tfBG.lDot10"/>
        <Item18 Value="tfBG.lDot11"/>
        <Item19 Value="tfBG.lDot12"/>
        <Item20 Value="tfBG.lVal"/>
        <Item21 Value="tfBG.lArrow"/>
        <Item22 Value="tfBG.lAgo"/>
        <Item23 Value="tfFloat.lRangeUp"/>
        <Item24 Value="tfFloat.lRangeDown"/>
        <Item25 Value="tfSplash.lSplashWarn"/>
        <Item26 Value="tfBG.pnWarnLast"/>
      </ExcludedIdentifiers>
      <ExcludedOriginals Count="33">
        <Item1 Value="Trndi"/>
        <Item2 Value="•"/>
        <Item3 Value="lArrow"/>
        <Item4 Value="lDiff"/>
        <Item5 Value="miHi"/>
        <Item6 Value="miLO"/>
        <Item7 Value="miRangeLo"/>
        <Item8 Value="eAddr"/>
        <Item9 Value="lAgo"/>
        <Item10 Value="?"/>
        <Item11 Value="100%"/>
        <Item12 Value="75%"/>
        <Item13 Value="50%"/>
        <Item14 Value="25%"/>
        <Item15 Value="100"/>
        <Item16 Value="75"/>
        <Item17 Value="50"/>
        <Item18 Value="25"/>
        <Item19 Value="▼"/>
        <Item20 Value="▲"/>
        <Item21 Value="lDot1"/>
        <Item22 Value="0,?"/>
        <Item23 Value="0.5"/>
        <Item24 Value="0.7"/>
        <Item25 Value="0.8"/>
        <Item26 Value="0.9"/>
        <Item27 Value="1"/>
        <Item28 Value="2"/>
        <Item29 Value="3"/>
        <Item30 Value="."/>
        <Item31 Value="->"/>
        <Item32 Value="0,0"/>
        <Item33 Value="-"/>
      </ExcludedOriginals>
    </i18n>
    <VersionInfo>
      <UseVersionInfo Value="True"/>
      <AutoIncrementBuild Value="True"/>
      <MajorVersionNr Value="4"/>
      <MinorVersionNr Value="8"/>
      <BuildNr Value="125"/>
      <StringTable CompanyName="Slicke" FileDescription="Trndi - CGM trend monitor" LegalCopyright="Björn Lindh" ProductName="Trndi"/>
    </VersionInfo>
    <BuildModes>
      <Item Name="No Ext (Release)" Default="True"/>
      <Item Name="Extensions (Debug)">
        <MacroValues Count="1">
          <Macro1 Name="LCLWidgetType" Value="qt6"/>
        </MacroValues>
        <CompilerOptions>
          <Version Value="11"/>
          <PathDelim Value="\"/>
          <Target>
            <Filename Value="Trndi"/>
          </Target>
          <SearchPaths>
            <IncludeFiles Value="$(ProjOutDir)"/>
            <OtherUnitFiles Value="units\misc\winutils;units\misc\winutils\directx;units\misc\nsutils;units\trndi\ext;units\forms;units\trndi\api;units\trndi;units\slicke;units\misc;units\misc\razer;units\misc\razer\chroma"/>
            <UnitOutputDirectory Value="lib\$(TargetCPU)-$(TargetOS)"/>
          </SearchPaths>
          <CodeGeneration>
            <Checks>
              <RangeChecks Value="True"/>
              <OverflowChecks Value="True"/>
              <StackChecks Value="True"/>
            </Checks>
            <VerifyObjMethodCallValidity Value="True"/>
            <Optimizations>
              <OptimizationLevel Value="0"/>
            </Optimizations>
          </CodeGeneration>
          <Linking>
            <Debugging>
              <DebugInfoType Value="dsDwarf3"/>
              <UseHeaptrc Value="True"/>
            </Debugging>
            <Options>
              <Win32>
                <GraphicApplication Value="True"/>
              </Win32>
            </Options>
          </Linking>
          <Other>
            <CustomOptions Value="-B
-dTrndiExt
-dDEBUG"/>
          </Other>
        </CompilerOptions>
      </Item>
      <Item Name="Extensions (Release)">
        <CompilerOptions>
          <Version Value="11"/>
          <PathDelim Value="\"/>
          <Target>
            <Filename Value="Trndi"/>
          </Target>
          <SearchPaths>
            <IncludeFiles Value="$(ProjOutDir)"/>
            <OtherUnitFiles Value="units\misc\winutils;units\misc\winutils\directx;units\misc\nsutils;units\trndi\ext;units\forms;units\trndi\api;units\trndi;units\slicke;units\misc;units\misc\razer;units\misc\razer\chroma"/>
            <UnitOutputDirectory Value="lib\$(TargetCPU)-$(TargetOS)"/>
          </SearchPaths>
          <CodeGeneration>
            <SmartLinkUnit Value="True"/>
            <Optimizations>
              <OptimizationLevel Value="3"/>
            </Optimizations>
          </CodeGeneration>
          <Linking>
            <Debugging>
              <GenerateDebugInfo Value="False"/>
              <RunWithoutDebug Value="True"/>
              <DebugInfoType Value="dsDwarf3"/>
              <StripSymbols Value="True"/>
            </Debugging>
            <LinkSmart Value="True"/>
            <Options>
              <Win32>
                <GraphicApplication Value="True"/>
              </Win32>
            </Options>
          </Linking>
          <Other>
            <CustomOptions Value="-B
-dTrndiExt"/>
          </Other>
        </CompilerOptions>
      </Item>
      <Item Name="No Ext (Debug)">
        <CompilerOptions>
          <Version Value="11"/>
          <PathDelim Value="\"/>
          <Target>
            <Filename Value="Trndi"/>
          </Target>
          <SearchPaths>
            <IncludeFiles Value="$(ProjOutDir)"/>
            <OtherUnitFiles Value="units\misc\winutils;units\misc\winutils\directx;units\misc\nsutils;units\trndi\ext;units\forms;units\trndi\api;units\trndi;units\slicke;units\misc;units\misc\razer;units\misc\razer\chroma"/>
            <UnitOutputDirectory Value="lib\$(TargetCPU)-$(TargetOS)"/>
          </SearchPaths>
          <CodeGeneration>
            <SmartLinkUnit Value="True"/>
            <Optimizations>
              <OptimizationLevel Value="0"/>
            </Optimizations>
          </CodeGeneration>
          <Linking>
            <Debugging>
              <DebugInfoType Value="dsDwarf3"/>
              <UseHeaptrc Value="True"/>
            </Debugging>
            <LinkSmart Value="True"/>
            <Options>
              <Win32>
                <GraphicApplication Value="True"/>
              </Win32>
            </Options>
          </Linking>
          <Other>
            <CustomOptions Value="-B
-dDEBUG"/>
          </Other>
        </CompilerOptions>
      </Item>
      <Item Name="GTK3">
        <MacroValues Count="1">
          <Macro3 Name="LCLWidgetType" Value="gtk3"/>
        </MacroValues>
        <CompilerOptions>
          <Version Value="11"/>
          <PathDelim Value="\"/>
          <Target>
            <Filename Value="Trndi"/>
          </Target>
          <SearchPaths>
            <IncludeFiles Value="$(ProjOutDir)"/>
            <OtherUnitFiles Value="units\misc\winutils;units\misc\winutils\directx;units\misc\nsutils;units\trndi\ext;units\forms;units\trndi\api;units\trndi;units\slicke;units\misc;units\misc\razer\chroma"/>
            <UnitOutputDirectory Value="lib\$(TargetCPU)-$(TargetOS)"/>
          </SearchPaths>
          <CodeGeneration>
            <SmartLinkUnit Value="True"/>
            <Optimizations>
              <OptimizationLevel Value="3"/>
            </Optimizations>
          </CodeGeneration>
          <Linking>
            <Debugging>
              <GenerateDebugInfo Value="False"/>
              <RunWithoutDebug Value="True"/>
              <DebugInfoType Value="dsDwarf3"/>
            </Debugging>
            <LinkSmart Value="True"/>
            <Options>
              <Win32>
                <GraphicApplication Value="True"/>
              </Win32>
            </Options>
          </Linking>
          <Other>
            <CustomOptions Value="-B"/>
          </Other>
        </CompilerOptions>
      </Item>
      <Item Name="Custtom">
        <CompilerOptions>
          <Version Value="11"/>
          <PathDelim Value="\"/>
          <Target>
            <Filename Value="Trndi"/>
          </Target>
          <SearchPaths>
            <IncludeFiles Value="$(ProjOutDir)"/>
            <OtherUnitFiles Value="units\misc\winutils;units\misc\winutils\directx;units\misc\nsutils;units\trndi\ext;units\forms;units\trndi\api;units\trndi;units\slicke;units\misc;units\misc\razer\chroma"/>
            <UnitOutputDirectory Value="lib\$(TargetCPU)-$(TargetOS)"/>
          </SearchPaths>
          <CodeGeneration>
            <SmartLinkUnit Value="True"/>
            <Optimizations>
              <OptimizationLevel Value="3"/>
            </Optimizations>
          </CodeGeneration>
          <Linking>
            <Debugging>
              <DebugInfoType Value="dsDwarf3"/>
            </Debugging>
            <LinkSmart Value="True"/>
            <Options>
              <Win32>
                <GraphicApplication Value="True"/>
              </Win32>
            </Options>
          </Linking>
          <Other>
            <CustomOptions Value="-B
-dDEBUG"/>
          </Other>
        </CompilerOptions>
      </Item>
      <Item Name="GTK2">
        <MacroValues Count="1">
          <Macro1 Name="LCLWidgetType" Value="gtk2"/>
        </MacroValues>
        <CompilerOptions>
          <Version Value="11"/>
          <PathDelim Value="\"/>
          <Target>
            <Filename Value="Trndi"/>
          </Target>
          <SearchPaths>
            <IncludeFiles Value="$(ProjOutDir)"/>
            <OtherUnitFiles Value="units\misc\winutils;units\misc\winutils\directx;units\misc\nsutils;units\trndi\ext;units\forms;units\trndi\api;units\trndi;units\slicke;units\misc;units\misc\razer\chroma"/>
            <UnitOutputDirectory Value="lib\$(TargetCPU)-$(TargetOS)"/>
          </SearchPaths>
          <CodeGeneration>
            <SmartLinkUnit Value="True"/>
            <Optimizations>
              <OptimizationLevel Value="3"/>
            </Optimizations>
          </CodeGeneration>
          <Linking>
            <Debugging>
              <GenerateDebugInfo Value="False"/>
              <RunWithoutDebug Value="True"/>
              <DebugInfoType Value="dsDwarf3"/>
            </Debugging>
            <LinkSmart Value="True"/>
            <Options>
              <Win32>
                <GraphicApplication Value="True"/>
              </Win32>
            </Options>
          </Linking>
          <Other>
            <CustomOptions Value="-B"/>
          </Other>
        </CompilerOptions>
      </Item>
      <Item Name="Qt6 (Debug)">
        <MacroValues Count="1">
          <Macro2 Name="LCLWidgetType" Value="qt6"/>
        </MacroValues>
        <CompilerOptions>
          <Version Value="11"/>
          <PathDelim Value="\"/>
          <Target>
            <Filename Value="Trndi"/>
          </Target>
          <SearchPaths>
            <IncludeFiles Value="$(ProjOutDir)"/>
            <OtherUnitFiles Value="units\misc\winutils;units\misc\winutils\directx;units\misc\nsutils;units\trndi\ext;units\forms;units\trndi\api;units\trndi;units\slicke;units\misc;units\misc\razer;units\misc\razer\chroma"/>
            <UnitOutputDirectory Value="lib\$(TargetCPU)-$(TargetOS)"/>
          </SearchPaths>
          <CodeGeneration>
            <SmartLinkUnit Value="True"/>
            <Optimizations>
              <OptimizationLevel Value="3"/>
            </Optimizations>
          </CodeGeneration>
          <Linking>
            <Debugging>
              <DebugInfoType Value="dsDwarf3"/>
            </Debugging>
            <LinkSmart Value="True"/>
            <Options>
              <Win32>
                <GraphicApplication Value="True"/>
              </Win32>
            </Options>
          </Linking>
          <Other>
            <CustomOptions Value="-B
-dDEBUG"/>
          </Other>
        </CompilerOptions>
      </Item>
      <Item Name="Qt6 (Release; No Extensions)">
        <CompilerOptions>
          <Version Value="11"/>
          <PathDelim Value="\"/>
          <Target>
            <Filename Value="Trndi"/>
          </Target>
          <SearchPaths>
            <IncludeFiles Value="$(ProjOutDir)"/>
            <OtherUnitFiles Value="units\misc\winutils;units\misc\winutils\directx;units\misc\nsutils;units\trndi\ext;units\forms;units\trndi\api;units\trndi;units\slicke;units\misc;units\misc\razer;units\misc\razer\chroma"/>
            <UnitOutputDirectory Value="lib\$(TargetCPU)-$(TargetOS)"/>
          </SearchPaths>
          <CodeGeneration>
            <SmartLinkUnit Value="True"/>
            <Optimizations>
              <OptimizationLevel Value="3"/>
            </Optimizations>
          </CodeGeneration>
          <Linking>
            <Debugging>
              <DebugInfoType Value="dsDwarf3"/>
              <StripSymbols Value="True"/>
            </Debugging>
            <LinkSmart Value="True"/>
            <Options>
              <Win32>
                <GraphicApplication Value="True"/>
              </Win32>
            </Options>
          </Linking>
          <Other>
            <CustomOptions Value="-B"/>
          </Other>
        </CompilerOptions>
      </Item>
      <Item Name="FPC Native (Debug)">
        <MacroValues Count="1">
          <Macro4 Name="LCLWidgetType" Value="fpgui"/>
        </MacroValues>
        <CompilerOptions>
          <Version Value="11"/>
          <PathDelim Value="\"/>
          <Target>
            <Filename Value="Trndi"/>
          </Target>
          <SearchPaths>
            <IncludeFiles Value="$(ProjOutDir)"/>
            <OtherUnitFiles Value="units\misc\winutils;units\misc\winutils\directx;units\misc\nsutils;units\trndi\ext;units\forms;units\trndi\api;units\trndi;units\slicke;units\misc;units\misc\razer;units\misc\razer\chroma"/>
            <UnitOutputDirectory Value="lib\$(TargetCPU)-$(TargetOS)"/>
          </SearchPaths>
          <CodeGeneration>
            <SmartLinkUnit Value="True"/>
            <Optimizations>
              <OptimizationLevel Value="0"/>
            </Optimizations>
          </CodeGeneration>
          <Linking>
            <Debugging>
              <DebugInfoType Value="dsDwarf3"/>
            </Debugging>
            <LinkSmart Value="True"/>
            <Options>
              <Win32>
                <GraphicApplication Value="True"/>
              </Win32>
            </Options>
          </Linking>
          <Other>
            <CustomOptions Value="-B"/>
          </Other>
        </CompilerOptions>
      </Item>
      <Item Name="Qt6 (Release: Extensions)">
        <MacroValues Count="2">
          <Macro3 Name="LCLWidgetType" Value="qt6"/>
          <Macro2 Name="LCLWidgetType" Value="qt6"/>
        </MacroValues>
        <CompilerOptions>
          <Version Value="11"/>
          <PathDelim Value="\"/>
          <Target>
            <Filename Value="Trndi"/>
          </Target>
          <SearchPaths>
            <IncludeFiles Value="$(ProjOutDir)"/>
            <OtherUnitFiles Value="units\misc\winutils;units\misc\winutils\directx;units\misc\nsutils;units\trndi\ext;units\forms;units\trndi\api;units\trndi;units\slicke;units\misc;units\misc\razer;units\misc\razer\chroma"/>
            <UnitOutputDirectory Value="lib\$(TargetCPU)-$(TargetOS)"/>
          </SearchPaths>
          <CodeGeneration>
            <SmartLinkUnit Value="True"/>
            <Optimizations>
              <OptimizationLevel Value="0"/>
            </Optimizations>
          </CodeGeneration>
          <Linking>
            <Debugging>
              <DebugInfoType Value="dsDwarf3"/>
              <StripSymbols Value="True"/>
            </Debugging>
            <LinkSmart Value="True"/>
            <Options>
              <Win32>
                <GraphicApplication Value="True"/>
              </Win32>
            </Options>
          </Linking>
          <Other>
            <CustomOptions Value="-B
-dTrndiExt"/>
          </Other>
        </CompilerOptions>
      </Item>
      <SharedMatrixOptions Count="4">
        <Item1 ID="755046395446" Modes="GTK2" Type="IDEMacro" MacroName="LCLWidgetType" Value="gtk2"/>
        <Item2 ID="979021082886" Modes="Qt6 (Debug),Qt6 (Release: Extensions)" Type="IDEMacro" MacroName="LCLWidgetType" Value="qt6"/>
        <Item3 ID="684332631560" Modes="GTK3" Type="IDEMacro" MacroName="LCLWidgetType" Value="gtk3"/>
        <Item4 ID="441506697152" Modes="FPC Native (Debug)" Type="IDEMacro" MacroName="LCLWidgetType" Value="fpgui"/>
      </SharedMatrixOptions>
    </BuildModes>
    <PublishOptions>
      <Version Value="2"/>
      <UseFileFilters Value="True"/>
    </PublishOptions>
    <RunParams>
      <FormatVersion Value="2"/>
    </RunParams>
    <RequiredPackages>
      <Item>
        <PackageName Value="TurboPowerIPro"/>
      </Item>
      <Item>
        <PackageName Value="mormot2"/>
      </Item>
      <Item>
        <PackageName Value="LazControls"/>
      </Item>
      <Item>
        <PackageName Value="LazControlDsgn"/>
      </Item>
      <Item>
        <PackageName Value="LCL"/>
      </Item>
    </RequiredPackages>
    <Units>
      <Unit>
        <Filename Value="Trndi.lpr"/>
        <IsPartOfProject Value="True"/>
        <UnitName Value="trndi"/>
      </Unit>
      <Unit>
        <Filename Value="units\forms\umain.pp"/>
        <IsPartOfProject Value="True"/>
        <ComponentName Value="fBG"/>
        <HasResources Value="True"/>
        <ResourceBaseClass Value="Form"/>
      </Unit>
      <Unit>
        <Filename Value="inc\tfuncs.inc"/>
        <IsPartOfProject Value="True"/>
      </Unit>
      <Unit>
        <Filename Value="units\forms\uconf.pp"/>
        <IsPartOfProject Value="True"/>
        <ComponentName Value="fConf"/>
        <HasResources Value="True"/>
        <ResourceBaseClass Value="Form"/>
      </Unit>
      <Unit>
        <Filename Value="units\trndi\api\trndi.api.xdrip.pp"/>
        <IsPartOfProject Value="True"/>
      </Unit>
      <Unit>
        <Filename Value="units\trndi\trndi.strings.pp"/>
        <IsPartOfProject Value="True"/>
      </Unit>
      <Unit>
        <Filename Value="units\trndi\trndi.types.pp"/>
        <IsPartOfProject Value="True"/>
      </Unit>
      <Unit>
        <Filename Value="units\trndi\ext\trndi.ext.promise.pp"/>
        <IsPartOfProject Value="True"/>
      </Unit>
      <Unit>
        <Filename Value="units\trndi\ext\trndi.ext.functions.pp"/>
        <IsPartOfProject Value="True"/>
      </Unit>
      <Unit>
        <Filename Value="units\trndi\ext\trndi.ext.pp"/>
        <IsPartOfProject Value="True"/>
      </Unit>
      <Unit>
        <Filename Value="units\trndi\trndi.native.pp"/>
        <IsPartOfProject Value="True"/>
      </Unit>
      <Unit>
        <Filename Value="units\trndi\api\trndi.api.dexcom.pp"/>
        <IsPartOfProject Value="True"/>
      </Unit>
      <Unit>
        <Filename Value="units\trndi\api\trndi.api.nightscout.pp"/>
        <IsPartOfProject Value="True"/>
      </Unit>
      <Unit>
        <Filename Value="units\trndi\api\trndi.api.debug.pp"/>
        <IsPartOfProject Value="True"/>
      </Unit>
      <Unit>
        <Filename Value="units\misc\touchdetection.pp"/>
        <IsPartOfProject Value="True"/>
        <UnitName Value="TouchDetection"/>
      </Unit>
      <Unit>
        <Filename Value="units\forms\ufloat.pp"/>
        <IsPartOfProject Value="True"/>
        <ComponentName Value="fFloat"/>
        <HasResources Value="True"/>
        <ResourceBaseClass Value="Form"/>
      </Unit>
      <Unit>
        <Filename Value="units\misc\jumplistmanager.pp"/>
        <IsPartOfProject Value="True"/>
        <UnitName Value="JumpListManager"/>
      </Unit>
      <Unit>
        <Filename Value="units\slicke\slicke.ux.alert.pp"/>
        <IsPartOfProject Value="True"/>
      </Unit>
      <Unit>
        <Filename Value="units\nsutils\simpledarkmode.pas"/>
        <IsPartOfProject Value="True"/>
        <UnitName Value="SimpleDarkMode"/>
      </Unit>
      <Unit>
        <Filename Value="units\forms\usplash.pas"/>
        <IsPartOfProject Value="True"/>
        <ComponentName Value="fSplash"/>
        <HasResources Value="True"/>
        <ResourceBaseClass Value="Form"/>
      </Unit>
      <Unit>
        <Filename Value="units\trndi\api\trndi.api.debug_edge.pp"/>
        <IsPartOfProject Value="True"/>
      </Unit>
      <Unit>
        <Filename Value="units\trndi\trndi.funcs.pp"/>
        <IsPartOfProject Value="True"/>
      </Unit>
      <Unit>
        <Filename Value="units\trndi\api\trndi.api.debug_missing.pas"/>
        <IsPartOfProject Value="True"/>
      </Unit>
      <Unit>
        <Filename Value="units\misc\kdebadge.pas"/>
        <IsPartOfProject Value="True"/>
        <UnitName Value="KDEBadge"/>
      </Unit>
      <Unit>
        <Filename Value="units\misc\buildinfo.pp"/>
        <IsPartOfProject Value="True"/>
      </Unit>
      <Unit>
        <Filename Value="units\trndi\api\trndi.api.debug_custom.pas"/>
        <IsPartOfProject Value="True"/>
      </Unit>
      <Unit>
        <Filename Value="units\slicke\slicke.ux.native.pp"/>
        <IsPartOfProject Value="True"/>
      </Unit>
      <Unit>
        <Filename Value="units\trndi\api\trndi.api.debug_firstmissing.pas"/>
        <IsPartOfProject Value="True"/>
      </Unit>
      <Unit>
        <Filename Value="units\trndi\api\trndi.api.nightscout3.pp"/>
        <IsPartOfProject Value="True"/>
      </Unit>
      <Unit>
        <Filename Value="units\trndi\api\trndi.api.pp"/>
        <IsPartOfProject Value="True"/>
      </Unit>
      <Unit>
        <Filename Value="units\forms\uhistorygraph.pp"/>
        <IsPartOfProject Value="True"/>
      </Unit>
      <Unit>
        <Filename Value="units\trndi\api\trndi.api.debug_firstxmissing.pp"/>
        <IsPartOfProject Value="True"/>
        <UnitName Value="trndi.api.debug_firstXmissing"/>
      </Unit>
      <Unit>
        <Filename Value="inc\mac\ns_app.inc"/>
        <IsPartOfProject Value="True"/>
      </Unit>
      <Unit>
        <Filename Value="units\trndi\api\trndi.api.dexcomNew.pp"/>
        <IsPartOfProject Value="True"/>
      </Unit>
      <Unit>
        <Filename Value="units\misc\razer\chroma\razer.chroma.factory.pp"/>
        <IsPartOfProject Value="True"/>
      </Unit>
    </Units>
  </ProjectOptions>
  <CompilerOptions>
    <Version Value="11"/>
    <PathDelim Value="\"/>
    <Target>
      <Filename Value="Trndi"/>
    </Target>
    <SearchPaths>
      <IncludeFiles Value="$(ProjOutDir)"/>
      <OtherUnitFiles Value="units\misc\winutils;units\misc\winutils\directx;units\misc\nsutils;units\trndi\ext;units\forms;units\trndi\api;units\trndi;units\slicke;units\misc;units\misc\razer;units\misc\razer\chroma"/>
      <UnitOutputDirectory Value="lib\$(TargetCPU)-$(TargetOS)"/>
    </SearchPaths>
    <CodeGeneration>
      <SmartLinkUnit Value="True"/>
      <Optimizations>
        <OptimizationLevel Value="3"/>
      </Optimizations>
    </CodeGeneration>
    <Linking>
      <Debugging>
        <GenerateDebugInfo Value="False"/>
        <RunWithoutDebug Value="True"/>
        <DebugInfoType Value="dsDwarf3"/>
        <StripSymbols Value="True"/>
      </Debugging>
      <LinkSmart Value="True"/>
      <Options>
        <Win32>
          <GraphicApplication Value="True"/>
        </Win32>
      </Options>
    </Linking>
    <Other>
      <CustomOptions Value="-B"/>
    </Other>
  </CompilerOptions>
</CONFIG>
